
Microsoft Visual Studio Solution File, Format Version 12.00
# Visual Studio Version 16
VisualStudioVersion = 16.0.32929.386
MinimumVisualStudioVersion = 10.0.40219.1
Project("{FAE04EC0-301F-11D3-BF4B-00C04F79EFBC}") = "v6", "v6.csproj", "{8DA17363-1373-4A10-8269-7DFD92910918}"
EndProject
Global
	GlobalSection(SolutionConfigurationPlatforms) = preSolution
		Debug|Any CPU = Debug|Any CPU
		Release|Any CPU = Release|Any CPU
	EndGlobalSection
	GlobalSection(ProjectConfigurationPlatforms) = postSolution
		{8DA17363-1373-4A10-8269-7DFD92910918}.Debug|Any CPU.ActiveCfg = Debug|Any CPU
		{8DA17363-1373-4A10-8269-7DFD92910918}.Debug|Any CPU.Build.0 = Debug|Any CPU
		{8DA17363-1373-4A10-8269-7DFD92910918}.Release|Any CPU.ActiveCfg = Release|Any CPU
		{8DA17363-1373-4A10-8269-7DFD92910918}.Release|Any CPU.Build.0 = Release|Any CPU
	EndGlobalSection
	GlobalSection(SolutionProperties) = preSolution
		HideSolutionNode = FALSE
	EndGlobalSection
	GlobalSection(ExtensibilityGlobals) = postSolution
		SolutionGuid = {3B040D75-2507-4697-865A-81B22C70C186}
	EndGlobalSection
EndGlobal
